// !$*UTF8*$!
{
	archiveVersion = 1;
	classes = {
	};
	objectVersion = 46;
	objects = {

/* Begin PBXBuildFile section */
		488708C01AEC0C5D00AB75A0 /* LCSplashViewController.m in Sources */ = {isa = PBXBuildFile; fileRef = 488708BF1AEC0C5D00AB75A0 /* LCSplashViewController.m */; };
		488708C31AEC0EAF00AB75A0 /* Social.framework in Frameworks */ = {isa = PBXBuildFile; fileRef = 488708C11AEC0E9E00AB75A0 /* Social.framework */; };
		488708C61AEC0EEB00AB75A0 /* Accounts.framework in Frameworks */ = {isa = PBXBuildFile; fileRef = 488708C41AEC0ED700AB75A0 /* Accounts.framework */; };
		488708CF1AEC143800AB75A0 /* LCStyling.m in Sources */ = {isa = PBXBuildFile; fileRef = 488708CC1AEC143800AB75A0 /* LCStyling.m */; };
		488708D01AEC143800AB75A0 /* NSString+JSON.m in Sources */ = {isa = PBXBuildFile; fileRef = 488708CE1AEC143800AB75A0 /* NSString+JSON.m */; };
		488708D31AEC264900AB75A0 /* LCRentalViewController.m in Sources */ = {isa = PBXBuildFile; fileRef = 488708D21AEC264900AB75A0 /* LCRentalViewController.m */; };
		488708D61AEC3E9900AB75A0 /* EstimoteSDK.framework in Frameworks */ = {isa = PBXBuildFile; fileRef = 488708D51AEC3E9900AB75A0 /* EstimoteSDK.framework */; };
		488708D81AEC3EB700AB75A0 /* CoreBluetooth.framework in Frameworks */ = {isa = PBXBuildFile; fileRef = 488708D71AEC3EB700AB75A0 /* CoreBluetooth.framework */; };
		488708DA1AEC3EC100AB75A0 /* SystemConfiguration.framework in Frameworks */ = {isa = PBXBuildFile; fileRef = 488708D91AEC3EC100AB75A0 /* SystemConfiguration.framework */; };
		488708E01AEC4B3400AB75A0 /* estimote_bg.png in Resources */ = {isa = PBXBuildFile; fileRef = 488708DF1AEC4B3400AB75A0 /* estimote_bg.png */; };
		488708E31AEC5D8900AB75A0 /* LCProfileViewController.m in Sources */ = {isa = PBXBuildFile; fileRef = 488708E21AEC5D8900AB75A0 /* LCProfileViewController.m */; };
		488708E81AEC68BC00AB75A0 /* btn_map.png in Resources */ = {isa = PBXBuildFile; fileRef = 488708E61AEC68BC00AB75A0 /* btn_map.png */; };
		488708E91AEC68BC00AB75A0 /* btn_map@2x.png in Resources */ = {isa = PBXBuildFile; fileRef = 488708E71AEC68BC00AB75A0 /* btn_map@2x.png */; };
		488708EC1AEC695700AB75A0 /* LCBikeLocationViewController.m in Sources */ = {isa = PBXBuildFile; fileRef = 488708EB1AEC695700AB75A0 /* LCBikeLocationViewController.m */; };
		488708EF1AEC7D7600AB75A0 /* star_empty.png in Resources */ = {isa = PBXBuildFile; fileRef = 488708ED1AEC7D7600AB75A0 /* star_empty.png */; };
		488708F01AEC7D7600AB75A0 /* star_full.png in Resources */ = {isa = PBXBuildFile; fileRef = 488708EE1AEC7D7600AB75A0 /* star_full.png */; };
		488708FF1AECA7AC00AB75A0 /* MHFacebookImageViewer.m in Sources */ = {isa = PBXBuildFile; fileRef = 488708F91AECA7AC00AB75A0 /* MHFacebookImageViewer.m */; settings = {COMPILER_FLAGS = "-w"; }; };
		488709001AECA7AC00AB75A0 /* Done.png in Resources */ = {isa = PBXBuildFile; fileRef = 488708FB1AECA7AC00AB75A0 /* Done.png */; };
		488709011AECA7AC00AB75A0 /* Done@2x.png in Resources */ = {isa = PBXBuildFile; fileRef = 488708FC1AECA7AC00AB75A0 /* Done@2x.png */; };
		488709021AECA7AC00AB75A0 /* UIImageView+MHFacebookImageViewer.m in Sources */ = {isa = PBXBuildFile; fileRef = 488708FE1AECA7AC00AB75A0 /* UIImageView+MHFacebookImageViewer.m */; };
		488709051AECD06B00AB75A0 /* LCUtils.m in Sources */ = {isa = PBXBuildFile; fileRef = 488709041AECD06B00AB75A0 /* LCUtils.m */; };
		488709081AECD09E00AB75A0 /* CustomIOS7AlertView.m in Sources */ = {isa = PBXBuildFile; fileRef = 488709071AECD09E00AB75A0 /* CustomIOS7AlertView.m */; };
		4887090A1AECD64800AB75A0 /* HealthKit.framework in Frameworks */ = {isa = PBXBuildFile; fileRef = 488709091AECD64800AB75A0 /* HealthKit.framework */; };
		48C1D90B1AEBC3BC007006B6 /* main.m in Sources */ = {isa = PBXBuildFile; fileRef = 48C1D90A1AEBC3BC007006B6 /* main.m */; };
		48C1D90E1AEBC3BC007006B6 /* AppDelegate.m in Sources */ = {isa = PBXBuildFile; fileRef = 48C1D90D1AEBC3BC007006B6 /* AppDelegate.m */; };
		48C1D9141AEBC3BC007006B6 /* Main.storyboard in Resources */ = {isa = PBXBuildFile; fileRef = 48C1D9121AEBC3BC007006B6 /* Main.storyboard */; };
		48C1D9161AEBC3BC007006B6 /* Images.xcassets in Resources */ = {isa = PBXBuildFile; fileRef = 48C1D9151AEBC3BC007006B6 /* Images.xcassets */; };
		48C1D9191AEBC3BC007006B6 /* LaunchScreen.xib in Resources */ = {isa = PBXBuildFile; fileRef = 48C1D9171AEBC3BC007006B6 /* LaunchScreen.xib */; };
		48C1D9251AEBC3BC007006B6 /* LifeCycleTests.m in Sources */ = {isa = PBXBuildFile; fileRef = 48C1D9241AEBC3BC007006B6 /* LifeCycleTests.m */; };
		48C1D93D1AEBC6BB007006B6 /* LCBike.m in Sources */ = {isa = PBXBuildFile; fileRef = 48C1D93A1AEBC6BB007006B6 /* LCBike.m */; };
		48C1D93E1AEBC6BB007006B6 /* LCUser.m in Sources */ = {isa = PBXBuildFile; fileRef = 48C1D93C1AEBC6BB007006B6 /* LCUser.m */; };
		48C1D9411AEBC6CA007006B6 /* LCDataManager.m in Sources */ = {isa = PBXBuildFile; fileRef = 48C1D9401AEBC6CA007006B6 /* LCDataManager.m */; };
		48C1D9441AEBC829007006B6 /* CoreLocation.framework in Frameworks */ = {isa = PBXBuildFile; fileRef = 48C1D9431AEBC829007006B6 /* CoreLocation.framework */; };
		48C1D9491AEBC89B007006B6 /* LCBikeMapViewController.m in Sources */ = {isa = PBXBuildFile; fileRef = 48C1D9481AEBC89B007006B6 /* LCBikeMapViewController.m */; };
		48C1D94B1AEBCA0C007006B6 /* MapKit.framework in Frameworks */ = {isa = PBXBuildFile; fileRef = 48C1D94A1AEBCA0C007006B6 /* MapKit.framework */; };
		48C1D9531AEBD751007006B6 /* bike.png in Resources */ = {isa = PBXBuildFile; fileRef = 48C1D9521AEBD751007006B6 /* bike.png */; };
		48C1D9561AEBDABC007006B6 /* LCBikePinAnnotation.m in Sources */ = {isa = PBXBuildFile; fileRef = 48C1D9551AEBDABC007006B6 /* LCBikePinAnnotation.m */; };
		48C1D9591AEBDB45007006B6 /* LCBikeDetailsViewController.m in Sources */ = {isa = PBXBuildFile; fileRef = 48C1D9581AEBDB45007006B6 /* LCBikeDetailsViewController.m */; };
		48C1D95F1AEBE9F6007006B6 /* person.png in Resources */ = {isa = PBXBuildFile; fileRef = 48C1D95E1AEBE9F6007006B6 /* person.png */; };
		48C1D9781AEBEF23007006B6 /* AFHTTPRequestOperation.m in Sources */ = {isa = PBXBuildFile; fileRef = 48C1D9661AEBEF23007006B6 /* AFHTTPRequestOperation.m */; };
		48C1D9791AEBEF23007006B6 /* AFHTTPRequestOperationManager.m in Sources */ = {isa = PBXBuildFile; fileRef = 48C1D9681AEBEF23007006B6 /* AFHTTPRequestOperationManager.m */; };
		48C1D97A1AEBEF23007006B6 /* AFHTTPSessionManager.m in Sources */ = {isa = PBXBuildFile; fileRef = 48C1D96A1AEBEF23007006B6 /* AFHTTPSessionManager.m */; };
		48C1D97B1AEBEF23007006B6 /* AFNetworkReachabilityManager.m in Sources */ = {isa = PBXBuildFile; fileRef = 48C1D96D1AEBEF23007006B6 /* AFNetworkReachabilityManager.m */; };
		48C1D97C1AEBEF23007006B6 /* AFSecurityPolicy.m in Sources */ = {isa = PBXBuildFile; fileRef = 48C1D96F1AEBEF23007006B6 /* AFSecurityPolicy.m */; };
		48C1D97D1AEBEF23007006B6 /* AFURLConnectionOperation.m in Sources */ = {isa = PBXBuildFile; fileRef = 48C1D9711AEBEF23007006B6 /* AFURLConnectionOperation.m */; };
		48C1D97E1AEBEF23007006B6 /* AFURLRequestSerialization.m in Sources */ = {isa = PBXBuildFile; fileRef = 48C1D9731AEBEF23007006B6 /* AFURLRequestSerialization.m */; };
		48C1D97F1AEBEF23007006B6 /* AFURLResponseSerialization.m in Sources */ = {isa = PBXBuildFile; fileRef = 48C1D9751AEBEF23007006B6 /* AFURLResponseSerialization.m */; };
		48C1D9801AEBEF23007006B6 /* AFURLSessionManager.m in Sources */ = {isa = PBXBuildFile; fileRef = 48C1D9771AEBEF23007006B6 /* AFURLSessionManager.m */; };
		48C1D9931AEBEF2C007006B6 /* AFNetworkActivityIndicatorManager.m in Sources */ = {isa = PBXBuildFile; fileRef = 48C1D9831AEBEF2C007006B6 /* AFNetworkActivityIndicatorManager.m */; };
		48C1D9941AEBEF2C007006B6 /* UIActivityIndicatorView+AFNetworking.m in Sources */ = {isa = PBXBuildFile; fileRef = 48C1D9851AEBEF2C007006B6 /* UIActivityIndicatorView+AFNetworking.m */; };
		48C1D9951AEBEF2C007006B6 /* UIAlertView+AFNetworking.m in Sources */ = {isa = PBXBuildFile; fileRef = 48C1D9871AEBEF2C007006B6 /* UIAlertView+AFNetworking.m */; };
		48C1D9961AEBEF2C007006B6 /* UIButton+AFNetworking.m in Sources */ = {isa = PBXBuildFile; fileRef = 48C1D9891AEBEF2C007006B6 /* UIButton+AFNetworking.m */; };
		48C1D9971AEBEF2C007006B6 /* UIImageView+AFNetworking.m in Sources */ = {isa = PBXBuildFile; fileRef = 48C1D98B1AEBEF2C007006B6 /* UIImageView+AFNetworking.m */; };
		48C1D9981AEBEF2C007006B6 /* UIProgressView+AFNetworking.m in Sources */ = {isa = PBXBuildFile; fileRef = 48C1D98E1AEBEF2C007006B6 /* UIProgressView+AFNetworking.m */; };
		48C1D9991AEBEF2C007006B6 /* UIRefreshControl+AFNetworking.m in Sources */ = {isa = PBXBuildFile; fileRef = 48C1D9901AEBEF2C007006B6 /* UIRefreshControl+AFNetworking.m */; };
		48C1D99A1AEBEF2C007006B6 /* UIWebView+AFNetworking.m in Sources */ = {isa = PBXBuildFile; fileRef = 48C1D9921AEBEF2C007006B6 /* UIWebView+AFNetworking.m */; };
		48C1D99D1AEBF7E0007006B6 /* LCLoginViewController.m in Sources */ = {isa = PBXBuildFile; fileRef = 48C1D99C1AEBF7E0007006B6 /* LCLoginViewController.m */; };
		48C1D99F1AEBF979007006B6 /* MediaPlayer.framework in Frameworks */ = {isa = PBXBuildFile; fileRef = 48C1D99E1AEBF979007006B6 /* MediaPlayer.framework */; };
		48C1D9A21AEBFD9A007006B6 /* video.mp4 in Resources */ = {isa = PBXBuildFile; fileRef = 48C1D9A11AEBFD8E007006B6 /* video.mp4 */; };
		E19158FC1AEC8F4B00A25697 /* libPayPalMobile.a in Frameworks */ = {isa = PBXBuildFile; fileRef = E19158A21AEC8F4A00A25697 /* libPayPalMobile.a */; };
		E191592D1AEC90AF00A25697 /* AudioToolbox.framework in Frameworks */ = {isa = PBXBuildFile; fileRef = E191592C1AEC90AF00A25697 /* AudioToolbox.framework */; };
		E191592F1AEC90B900A25697 /* AVFoundation.framework in Frameworks */ = {isa = PBXBuildFile; fileRef = E191592E1AEC90B900A25697 /* AVFoundation.framework */; };
		E19159311AEC90CB00A25697 /* CoreMedia.framework in Frameworks */ = {isa = PBXBuildFile; fileRef = E19159301AEC90CB00A25697 /* CoreMedia.framework */; };
		E19159331AEC90D400A25697 /* MessageUI.framework in Frameworks */ = {isa = PBXBuildFile; fileRef = E19159321AEC90D400A25697 /* MessageUI.framework */; };
		E19159351AEC90DD00A25697 /* MobileCoreServices.framework in Frameworks */ = {isa = PBXBuildFile; fileRef = E19159341AEC90DD00A25697 /* MobileCoreServices.framework */; };
/* End PBXBuildFile section */

/* Begin PBXContainerItemProxy section */
		48C1D91F1AEBC3BC007006B6 /* PBXContainerItemProxy */ = {
			isa = PBXContainerItemProxy;
			containerPortal = 48C1D8FD1AEBC3BB007006B6 /* Project object */;
			proxyType = 1;
			remoteGlobalIDString = 48C1D9041AEBC3BB007006B6;
			remoteInfo = LifeCycle;
		};
/* End PBXContainerItemProxy section */

/* Begin PBXFileReference section */
		488708BE1AEC0C5D00AB75A0 /* LCSplashViewController.h */ = {isa = PBXFileReference; fileEncoding = 4; lastKnownFileType = sourcecode.c.h; name = LCSplashViewController.h; path = View/LCSplashViewController.h; sourceTree = "<group>"; };
		488708BF1AEC0C5D00AB75A0 /* LCSplashViewController.m */ = {isa = PBXFileReference; fileEncoding = 4; lastKnownFileType = sourcecode.c.objc; name = LCSplashViewController.m; path = View/LCSplashViewController.m; sourceTree = "<group>"; };
		488708C11AEC0E9E00AB75A0 /* Social.framework */ = {isa = PBXFileReference; lastKnownFileType = wrapper.framework; name = Social.framework; path = System/Library/Frameworks/Social.framework; sourceTree = SDKROOT; };
		488708C41AEC0ED700AB75A0 /* Accounts.framework */ = {isa = PBXFileReference; lastKnownFileType = wrapper.framework; name = Accounts.framework; path = System/Library/Frameworks/Accounts.framework; sourceTree = SDKROOT; };
		488708CB1AEC143800AB75A0 /* LCStyling.h */ = {isa = PBXFileReference; fileEncoding = 4; lastKnownFileType = sourcecode.c.h; path = LCStyling.h; sourceTree = "<group>"; };
		488708CC1AEC143800AB75A0 /* LCStyling.m */ = {isa = PBXFileReference; fileEncoding = 4; lastKnownFileType = sourcecode.c.objc; path = LCStyling.m; sourceTree = "<group>"; };
		488708CD1AEC143800AB75A0 /* NSString+JSON.h */ = {isa = PBXFileReference; fileEncoding = 4; lastKnownFileType = sourcecode.c.h; path = "NSString+JSON.h"; sourceTree = "<group>"; };
		488708CE1AEC143800AB75A0 /* NSString+JSON.m */ = {isa = PBXFileReference; fileEncoding = 4; lastKnownFileType = sourcecode.c.objc; path = "NSString+JSON.m"; sourceTree = "<group>"; };
		488708D11AEC264900AB75A0 /* LCRentalViewController.h */ = {isa = PBXFileReference; fileEncoding = 4; lastKnownFileType = sourcecode.c.h; name = LCRentalViewController.h; path = View/LCRentalViewController.h; sourceTree = "<group>"; };
		488708D21AEC264900AB75A0 /* LCRentalViewController.m */ = {isa = PBXFileReference; fileEncoding = 4; lastKnownFileType = sourcecode.c.objc; name = LCRentalViewController.m; path = View/LCRentalViewController.m; sourceTree = "<group>"; };
		488708D51AEC3E9900AB75A0 /* EstimoteSDK.framework */ = {isa = PBXFileReference; lastKnownFileType = wrapper.framework; name = EstimoteSDK.framework; path = "LifeCycle/Libraries/iOS-SDK/EstimoteSDK/EstimoteSDK.framework"; sourceTree = "<group>"; };
		488708D71AEC3EB700AB75A0 /* CoreBluetooth.framework */ = {isa = PBXFileReference; lastKnownFileType = wrapper.framework; name = CoreBluetooth.framework; path = System/Library/Frameworks/CoreBluetooth.framework; sourceTree = SDKROOT; };
		488708D91AEC3EC100AB75A0 /* SystemConfiguration.framework */ = {isa = PBXFileReference; lastKnownFileType = wrapper.framework; name = SystemConfiguration.framework; path = System/Library/Frameworks/SystemConfiguration.framework; sourceTree = SDKROOT; };
		488708DF1AEC4B3400AB75A0 /* estimote_bg.png */ = {isa = PBXFileReference; lastKnownFileType = image.png; name = estimote_bg.png; path = LifeCycle/Resources/estimote_bg.png; sourceTree = "<group>"; };
		488708E11AEC5D8900AB75A0 /* LCProfileViewController.h */ = {isa = PBXFileReference; fileEncoding = 4; lastKnownFileType = sourcecode.c.h; name = LCProfileViewController.h; path = View/LCProfileViewController.h; sourceTree = "<group>"; };
		488708E21AEC5D8900AB75A0 /* LCProfileViewController.m */ = {isa = PBXFileReference; fileEncoding = 4; lastKnownFileType = sourcecode.c.objc; name = LCProfileViewController.m; path = View/LCProfileViewController.m; sourceTree = "<group>"; };
		488708E61AEC68BC00AB75A0 /* btn_map.png */ = {isa = PBXFileReference; lastKnownFileType = image.png; name = btn_map.png; path = LifeCycle/Resources/btn_map.png; sourceTree = "<group>"; };
		488708E71AEC68BC00AB75A0 /* btn_map@2x.png */ = {isa = PBXFileReference; lastKnownFileType = image.png; name = "btn_map@2x.png"; path = "LifeCycle/Resources/btn_map@2x.png"; sourceTree = "<group>"; };
		488708EA1AEC695700AB75A0 /* LCBikeLocationViewController.h */ = {isa = PBXFileReference; fileEncoding = 4; lastKnownFileType = sourcecode.c.h; name = LCBikeLocationViewController.h; path = View/LCBikeLocationViewController.h; sourceTree = "<group>"; };
		488708EB1AEC695700AB75A0 /* LCBikeLocationViewController.m */ = {isa = PBXFileReference; fileEncoding = 4; lastKnownFileType = sourcecode.c.objc; name = LCBikeLocationViewController.m; path = View/LCBikeLocationViewController.m; sourceTree = "<group>"; };
		488708ED1AEC7D7600AB75A0 /* star_empty.png */ = {isa = PBXFileReference; lastKnownFileType = image.png; name = star_empty.png; path = LifeCycle/Resources/star_empty.png; sourceTree = "<group>"; };
		488708EE1AEC7D7600AB75A0 /* star_full.png */ = {isa = PBXFileReference; lastKnownFileType = image.png; name = star_full.png; path = LifeCycle/Resources/star_full.png; sourceTree = "<group>"; };
		488708F51AEC92A100AB75A0 /* QuirkyLondon.gpx */ = {isa = PBXFileReference; fileEncoding = 4; lastKnownFileType = text.xml; name = QuirkyLondon.gpx; path = LifeCycle.xcodeproj/../LifeCycle/Resources/QuirkyLondon.gpx; sourceTree = "<group>"; };
		488708F81AECA7AC00AB75A0 /* MHFacebookImageViewer.h */ = {isa = PBXFileReference; fileEncoding = 4; lastKnownFileType = sourcecode.c.h; path = MHFacebookImageViewer.h; sourceTree = "<group>"; };
		488708F91AECA7AC00AB75A0 /* MHFacebookImageViewer.m */ = {isa = PBXFileReference; fileEncoding = 4; lastKnownFileType = sourcecode.c.objc; path = MHFacebookImageViewer.m; sourceTree = "<group>"; };
		488708FB1AECA7AC00AB75A0 /* Done.png */ = {isa = PBXFileReference; lastKnownFileType = image.png; path = Done.png; sourceTree = "<group>"; };
		488708FC1AECA7AC00AB75A0 /* Done@2x.png */ = {isa = PBXFileReference; lastKnownFileType = image.png; path = "Done@2x.png"; sourceTree = "<group>"; };
		488708FD1AECA7AC00AB75A0 /* UIImageView+MHFacebookImageViewer.h */ = {isa = PBXFileReference; fileEncoding = 4; lastKnownFileType = sourcecode.c.h; path = "UIImageView+MHFacebookImageViewer.h"; sourceTree = "<group>"; };
		488708FE1AECA7AC00AB75A0 /* UIImageView+MHFacebookImageViewer.m */ = {isa = PBXFileReference; fileEncoding = 4; lastKnownFileType = sourcecode.c.objc; path = "UIImageView+MHFacebookImageViewer.m"; sourceTree = "<group>"; };
		488709031AECD06B00AB75A0 /* LCUtils.h */ = {isa = PBXFileReference; fileEncoding = 4; lastKnownFileType = sourcecode.c.h; path = LCUtils.h; sourceTree = "<group>"; };
		488709041AECD06B00AB75A0 /* LCUtils.m */ = {isa = PBXFileReference; fileEncoding = 4; lastKnownFileType = sourcecode.c.objc; path = LCUtils.m; sourceTree = "<group>"; };
		488709061AECD09E00AB75A0 /* CustomIOS7AlertView.h */ = {isa = PBXFileReference; fileEncoding = 4; lastKnownFileType = sourcecode.c.h; path = CustomIOS7AlertView.h; sourceTree = "<group>"; };
		488709071AECD09E00AB75A0 /* CustomIOS7AlertView.m */ = {isa = PBXFileReference; fileEncoding = 4; lastKnownFileType = sourcecode.c.objc; path = CustomIOS7AlertView.m; sourceTree = "<group>"; };
		488709091AECD64800AB75A0 /* HealthKit.framework */ = {isa = PBXFileReference; lastKnownFileType = wrapper.framework; name = HealthKit.framework; path = System/Library/Frameworks/HealthKit.framework; sourceTree = SDKROOT; };
		4887090B1AECD64800AB75A0 /* LifeCycle.entitlements */ = {isa = PBXFileReference; lastKnownFileType = text.xml; path = LifeCycle.entitlements; sourceTree = "<group>"; };
		48C1D9051AEBC3BB007006B6 /* LifeCycle.app */ = {isa = PBXFileReference; explicitFileType = wrapper.application; includeInIndex = 0; path = LifeCycle.app; sourceTree = BUILT_PRODUCTS_DIR; };
		48C1D9091AEBC3BB007006B6 /* Info.plist */ = {isa = PBXFileReference; lastKnownFileType = text.plist.xml; path = Info.plist; sourceTree = "<group>"; };
		48C1D90A1AEBC3BC007006B6 /* main.m */ = {isa = PBXFileReference; lastKnownFileType = sourcecode.c.objc; path = main.m; sourceTree = "<group>"; };
		48C1D90C1AEBC3BC007006B6 /* AppDelegate.h */ = {isa = PBXFileReference; lastKnownFileType = sourcecode.c.h; path = AppDelegate.h; sourceTree = "<group>"; };
		48C1D90D1AEBC3BC007006B6 /* AppDelegate.m */ = {isa = PBXFileReference; lastKnownFileType = sourcecode.c.objc; path = AppDelegate.m; sourceTree = "<group>"; };
		48C1D9131AEBC3BC007006B6 /* Base */ = {isa = PBXFileReference; lastKnownFileType = file.storyboard; name = Base; path = Base.lproj/Main.storyboard; sourceTree = "<group>"; };
		48C1D9151AEBC3BC007006B6 /* Images.xcassets */ = {isa = PBXFileReference; lastKnownFileType = folder.assetcatalog; path = Images.xcassets; sourceTree = "<group>"; };
		48C1D9181AEBC3BC007006B6 /* Base */ = {isa = PBXFileReference; lastKnownFileType = file.xib; name = Base; path = Base.lproj/LaunchScreen.xib; sourceTree = "<group>"; };
		48C1D91E1AEBC3BC007006B6 /* LifeCycleTests.xctest */ = {isa = PBXFileReference; explicitFileType = wrapper.cfbundle; includeInIndex = 0; path = LifeCycleTests.xctest; sourceTree = BUILT_PRODUCTS_DIR; };
		48C1D9231AEBC3BC007006B6 /* Info.plist */ = {isa = PBXFileReference; lastKnownFileType = text.plist.xml; path = Info.plist; sourceTree = "<group>"; };
		48C1D9241AEBC3BC007006B6 /* LifeCycleTests.m */ = {isa = PBXFileReference; lastKnownFileType = sourcecode.c.objc; path = LifeCycleTests.m; sourceTree = "<group>"; };
		48C1D9391AEBC6BB007006B6 /* LCBike.h */ = {isa = PBXFileReference; fileEncoding = 4; lastKnownFileType = sourcecode.c.h; name = LCBike.h; path = Source/Model/LCBike.h; sourceTree = "<group>"; };
		48C1D93A1AEBC6BB007006B6 /* LCBike.m */ = {isa = PBXFileReference; fileEncoding = 4; lastKnownFileType = sourcecode.c.objc; name = LCBike.m; path = Source/Model/LCBike.m; sourceTree = "<group>"; };
		48C1D93B1AEBC6BB007006B6 /* LCUser.h */ = {isa = PBXFileReference; fileEncoding = 4; lastKnownFileType = sourcecode.c.h; name = LCUser.h; path = Source/Model/LCUser.h; sourceTree = "<group>"; };
		48C1D93C1AEBC6BB007006B6 /* LCUser.m */ = {isa = PBXFileReference; fileEncoding = 4; lastKnownFileType = sourcecode.c.objc; name = LCUser.m; path = Source/Model/LCUser.m; sourceTree = "<group>"; };
		48C1D93F1AEBC6CA007006B6 /* LCDataManager.h */ = {isa = PBXFileReference; fileEncoding = 4; lastKnownFileType = sourcecode.c.h; name = LCDataManager.h; path = "Source/Data Manager/LCDataManager.h"; sourceTree = "<group>"; };
		48C1D9401AEBC6CA007006B6 /* LCDataManager.m */ = {isa = PBXFileReference; fileEncoding = 4; lastKnownFileType = sourcecode.c.objc; name = LCDataManager.m; path = "Source/Data Manager/LCDataManager.m"; sourceTree = "<group>"; };
		48C1D9421AEBC71D007006B6 /* Prefix.pch */ = {isa = PBXFileReference; lastKnownFileType = sourcecode.c.h; path = Prefix.pch; sourceTree = "<group>"; };
		48C1D9431AEBC829007006B6 /* CoreLocation.framework */ = {isa = PBXFileReference; lastKnownFileType = wrapper.framework; name = CoreLocation.framework; path = System/Library/Frameworks/CoreLocation.framework; sourceTree = SDKROOT; };
		48C1D9471AEBC89B007006B6 /* LCBikeMapViewController.h */ = {isa = PBXFileReference; fileEncoding = 4; lastKnownFileType = sourcecode.c.h; name = LCBikeMapViewController.h; path = View/LCBikeMapViewController.h; sourceTree = "<group>"; };
		48C1D9481AEBC89B007006B6 /* LCBikeMapViewController.m */ = {isa = PBXFileReference; fileEncoding = 4; lastKnownFileType = sourcecode.c.objc; name = LCBikeMapViewController.m; path = View/LCBikeMapViewController.m; sourceTree = "<group>"; };
		48C1D94A1AEBCA0C007006B6 /* MapKit.framework */ = {isa = PBXFileReference; lastKnownFileType = wrapper.framework; name = MapKit.framework; path = System/Library/Frameworks/MapKit.framework; sourceTree = SDKROOT; };
		48C1D9521AEBD751007006B6 /* bike.png */ = {isa = PBXFileReference; lastKnownFileType = image.png; name = bike.png; path = LifeCycle/Resources/bike.png; sourceTree = "<group>"; };
		48C1D9541AEBDABC007006B6 /* LCBikePinAnnotation.h */ = {isa = PBXFileReference; fileEncoding = 4; lastKnownFileType = sourcecode.c.h; name = LCBikePinAnnotation.h; path = View/LCBikePinAnnotation.h; sourceTree = "<group>"; };
		48C1D9551AEBDABC007006B6 /* LCBikePinAnnotation.m */ = {isa = PBXFileReference; fileEncoding = 4; lastKnownFileType = sourcecode.c.objc; name = LCBikePinAnnotation.m; path = View/LCBikePinAnnotation.m; sourceTree = "<group>"; };
		48C1D9571AEBDB45007006B6 /* LCBikeDetailsViewController.h */ = {isa = PBXFileReference; fileEncoding = 4; lastKnownFileType = sourcecode.c.h; name = LCBikeDetailsViewController.h; path = View/LCBikeDetailsViewController.h; sourceTree = "<group>"; };
		48C1D9581AEBDB45007006B6 /* LCBikeDetailsViewController.m */ = {isa = PBXFileReference; fileEncoding = 4; lastKnownFileType = sourcecode.c.objc; name = LCBikeDetailsViewController.m; path = View/LCBikeDetailsViewController.m; sourceTree = "<group>"; };
		48C1D95E1AEBE9F6007006B6 /* person.png */ = {isa = PBXFileReference; lastKnownFileType = image.png; name = person.png; path = LifeCycle/Resources/person.png; sourceTree = "<group>"; };
		48C1D9651AEBEF23007006B6 /* AFHTTPRequestOperation.h */ = {isa = PBXFileReference; fileEncoding = 4; lastKnownFileType = sourcecode.c.h; path = AFHTTPRequestOperation.h; sourceTree = "<group>"; };
		48C1D9661AEBEF23007006B6 /* AFHTTPRequestOperation.m */ = {isa = PBXFileReference; fileEncoding = 4; lastKnownFileType = sourcecode.c.objc; path = AFHTTPRequestOperation.m; sourceTree = "<group>"; };
		48C1D9671AEBEF23007006B6 /* AFHTTPRequestOperationManager.h */ = {isa = PBXFileReference; fileEncoding = 4; lastKnownFileType = sourcecode.c.h; path = AFHTTPRequestOperationManager.h; sourceTree = "<group>"; };
		48C1D9681AEBEF23007006B6 /* AFHTTPRequestOperationManager.m */ = {isa = PBXFileReference; fileEncoding = 4; lastKnownFileType = sourcecode.c.objc; path = AFHTTPRequestOperationManager.m; sourceTree = "<group>"; };
		48C1D9691AEBEF23007006B6 /* AFHTTPSessionManager.h */ = {isa = PBXFileReference; fileEncoding = 4; lastKnownFileType = sourcecode.c.h; path = AFHTTPSessionManager.h; sourceTree = "<group>"; };
		48C1D96A1AEBEF23007006B6 /* AFHTTPSessionManager.m */ = {isa = PBXFileReference; fileEncoding = 4; lastKnownFileType = sourcecode.c.objc; path = AFHTTPSessionManager.m; sourceTree = "<group>"; };
		48C1D96B1AEBEF23007006B6 /* AFNetworking.h */ = {isa = PBXFileReference; fileEncoding = 4; lastKnownFileType = sourcecode.c.h; path = AFNetworking.h; sourceTree = "<group>"; };
		48C1D96C1AEBEF23007006B6 /* AFNetworkReachabilityManager.h */ = {isa = PBXFileReference; fileEncoding = 4; lastKnownFileType = sourcecode.c.h; path = AFNetworkReachabilityManager.h; sourceTree = "<group>"; };
		48C1D96D1AEBEF23007006B6 /* AFNetworkReachabilityManager.m */ = {isa = PBXFileReference; fileEncoding = 4; lastKnownFileType = sourcecode.c.objc; path = AFNetworkReachabilityManager.m; sourceTree = "<group>"; };
		48C1D96E1AEBEF23007006B6 /* AFSecurityPolicy.h */ = {isa = PBXFileReference; fileEncoding = 4; lastKnownFileType = sourcecode.c.h; path = AFSecurityPolicy.h; sourceTree = "<group>"; };
		48C1D96F1AEBEF23007006B6 /* AFSecurityPolicy.m */ = {isa = PBXFileReference; fileEncoding = 4; lastKnownFileType = sourcecode.c.objc; path = AFSecurityPolicy.m; sourceTree = "<group>"; };
		48C1D9701AEBEF23007006B6 /* AFURLConnectionOperation.h */ = {isa = PBXFileReference; fileEncoding = 4; lastKnownFileType = sourcecode.c.h; path = AFURLConnectionOperation.h; sourceTree = "<group>"; };
		48C1D9711AEBEF23007006B6 /* AFURLConnectionOperation.m */ = {isa = PBXFileReference; fileEncoding = 4; lastKnownFileType = sourcecode.c.objc; path = AFURLConnectionOperation.m; sourceTree = "<group>"; };
		48C1D9721AEBEF23007006B6 /* AFURLRequestSerialization.h */ = {isa = PBXFileReference; fileEncoding = 4; lastKnownFileType = sourcecode.c.h; path = AFURLRequestSerialization.h; sourceTree = "<group>"; };
		48C1D9731AEBEF23007006B6 /* AFURLRequestSerialization.m */ = {isa = PBXFileReference; fileEncoding = 4; lastKnownFileType = sourcecode.c.objc; path = AFURLRequestSerialization.m; sourceTree = "<group>"; };
		48C1D9741AEBEF23007006B6 /* AFURLResponseSerialization.h */ = {isa = PBXFileReference; fileEncoding = 4; lastKnownFileType = sourcecode.c.h; path = AFURLResponseSerialization.h; sourceTree = "<group>"; };
		48C1D9751AEBEF23007006B6 /* AFURLResponseSerialization.m */ = {isa = PBXFileReference; fileEncoding = 4; lastKnownFileType = sourcecode.c.objc; path = AFURLResponseSerialization.m; sourceTree = "<group>"; };
		48C1D9761AEBEF23007006B6 /* AFURLSessionManager.h */ = {isa = PBXFileReference; fileEncoding = 4; lastKnownFileType = sourcecode.c.h; path = AFURLSessionManager.h; sourceTree = "<group>"; };
		48C1D9771AEBEF23007006B6 /* AFURLSessionManager.m */ = {isa = PBXFileReference; fileEncoding = 4; lastKnownFileType = sourcecode.c.objc; path = AFURLSessionManager.m; sourceTree = "<group>"; };
		48C1D9821AEBEF2C007006B6 /* AFNetworkActivityIndicatorManager.h */ = {isa = PBXFileReference; fileEncoding = 4; lastKnownFileType = sourcecode.c.h; path = AFNetworkActivityIndicatorManager.h; sourceTree = "<group>"; };
		48C1D9831AEBEF2C007006B6 /* AFNetworkActivityIndicatorManager.m */ = {isa = PBXFileReference; fileEncoding = 4; lastKnownFileType = sourcecode.c.objc; path = AFNetworkActivityIndicatorManager.m; sourceTree = "<group>"; };
		48C1D9841AEBEF2C007006B6 /* UIActivityIndicatorView+AFNetworking.h */ = {isa = PBXFileReference; fileEncoding = 4; lastKnownFileType = sourcecode.c.h; path = "UIActivityIndicatorView+AFNetworking.h"; sourceTree = "<group>"; };
		48C1D9851AEBEF2C007006B6 /* UIActivityIndicatorView+AFNetworking.m */ = {isa = PBXFileReference; fileEncoding = 4; lastKnownFileType = sourcecode.c.objc; path = "UIActivityIndicatorView+AFNetworking.m"; sourceTree = "<group>"; };
		48C1D9861AEBEF2C007006B6 /* UIAlertView+AFNetworking.h */ = {isa = PBXFileReference; fileEncoding = 4; lastKnownFileType = sourcecode.c.h; path = "UIAlertView+AFNetworking.h"; sourceTree = "<group>"; };
		48C1D9871AEBEF2C007006B6 /* UIAlertView+AFNetworking.m */ = {isa = PBXFileReference; fileEncoding = 4; lastKnownFileType = sourcecode.c.objc; path = "UIAlertView+AFNetworking.m"; sourceTree = "<group>"; };
		48C1D9881AEBEF2C007006B6 /* UIButton+AFNetworking.h */ = {isa = PBXFileReference; fileEncoding = 4; lastKnownFileType = sourcecode.c.h; path = "UIButton+AFNetworking.h"; sourceTree = "<group>"; };
		48C1D9891AEBEF2C007006B6 /* UIButton+AFNetworking.m */ = {isa = PBXFileReference; fileEncoding = 4; lastKnownFileType = sourcecode.c.objc; path = "UIButton+AFNetworking.m"; sourceTree = "<group>"; };
		48C1D98A1AEBEF2C007006B6 /* UIImageView+AFNetworking.h */ = {isa = PBXFileReference; fileEncoding = 4; lastKnownFileType = sourcecode.c.h; path = "UIImageView+AFNetworking.h"; sourceTree = "<group>"; };
		48C1D98B1AEBEF2C007006B6 /* UIImageView+AFNetworking.m */ = {isa = PBXFileReference; fileEncoding = 4; lastKnownFileType = sourcecode.c.objc; path = "UIImageView+AFNetworking.m"; sourceTree = "<group>"; };
		48C1D98C1AEBEF2C007006B6 /* UIKit+AFNetworking.h */ = {isa = PBXFileReference; fileEncoding = 4; lastKnownFileType = sourcecode.c.h; path = "UIKit+AFNetworking.h"; sourceTree = "<group>"; };
		48C1D98D1AEBEF2C007006B6 /* UIProgressView+AFNetworking.h */ = {isa = PBXFileReference; fileEncoding = 4; lastKnownFileType = sourcecode.c.h; path = "UIProgressView+AFNetworking.h"; sourceTree = "<group>"; };
		48C1D98E1AEBEF2C007006B6 /* UIProgressView+AFNetworking.m */ = {isa = PBXFileReference; fileEncoding = 4; lastKnownFileType = sourcecode.c.objc; path = "UIProgressView+AFNetworking.m"; sourceTree = "<group>"; };
		48C1D98F1AEBEF2C007006B6 /* UIRefreshControl+AFNetworking.h */ = {isa = PBXFileReference; fileEncoding = 4; lastKnownFileType = sourcecode.c.h; path = "UIRefreshControl+AFNetworking.h"; sourceTree = "<group>"; };
		48C1D9901AEBEF2C007006B6 /* UIRefreshControl+AFNetworking.m */ = {isa = PBXFileReference; fileEncoding = 4; lastKnownFileType = sourcecode.c.objc; path = "UIRefreshControl+AFNetworking.m"; sourceTree = "<group>"; };
		48C1D9911AEBEF2C007006B6 /* UIWebView+AFNetworking.h */ = {isa = PBXFileReference; fileEncoding = 4; lastKnownFileType = sourcecode.c.h; path = "UIWebView+AFNetworking.h"; sourceTree = "<group>"; };
		48C1D9921AEBEF2C007006B6 /* UIWebView+AFNetworking.m */ = {isa = PBXFileReference; fileEncoding = 4; lastKnownFileType = sourcecode.c.objc; path = "UIWebView+AFNetworking.m"; sourceTree = "<group>"; };
		48C1D99B1AEBF7E0007006B6 /* LCLoginViewController.h */ = {isa = PBXFileReference; fileEncoding = 4; lastKnownFileType = sourcecode.c.h; name = LCLoginViewController.h; path = View/LCLoginViewController.h; sourceTree = "<group>"; };
		48C1D99C1AEBF7E0007006B6 /* LCLoginViewController.m */ = {isa = PBXFileReference; fileEncoding = 4; lastKnownFileType = sourcecode.c.objc; name = LCLoginViewController.m; path = View/LCLoginViewController.m; sourceTree = "<group>"; };
		48C1D99E1AEBF979007006B6 /* MediaPlayer.framework */ = {isa = PBXFileReference; lastKnownFileType = wrapper.framework; name = MediaPlayer.framework; path = System/Library/Frameworks/MediaPlayer.framework; sourceTree = SDKROOT; };
		48C1D9A11AEBFD8E007006B6 /* video.mp4 */ = {isa = PBXFileReference; lastKnownFileType = file; name = video.mp4; path = LifeCycle/Resources/video.mp4; sourceTree = "<group>"; };
		E191589A1AEC8F4A00A25697 /* CardIO.h */ = {isa = PBXFileReference; fileEncoding = 4; lastKnownFileType = sourcecode.c.h; path = CardIO.h; sourceTree = "<group>"; };
		E191589B1AEC8F4A00A25697 /* CardIOCreditCardInfo.h */ = {isa = PBXFileReference; fileEncoding = 4; lastKnownFileType = sourcecode.c.h; path = CardIOCreditCardInfo.h; sourceTree = "<group>"; };
		E191589C1AEC8F4A00A25697 /* CardIODetectionMode.h */ = {isa = PBXFileReference; fileEncoding = 4; lastKnownFileType = sourcecode.c.h; path = CardIODetectionMode.h; sourceTree = "<group>"; };
		E191589D1AEC8F4A00A25697 /* CardIOPaymentViewController.h */ = {isa = PBXFileReference; fileEncoding = 4; lastKnownFileType = sourcecode.c.h; path = CardIOPaymentViewController.h; sourceTree = "<group>"; };
		E191589E1AEC8F4A00A25697 /* CardIOPaymentViewControllerDelegate.h */ = {isa = PBXFileReference; fileEncoding = 4; lastKnownFileType = sourcecode.c.h; path = CardIOPaymentViewControllerDelegate.h; sourceTree = "<group>"; };
		E191589F1AEC8F4A00A25697 /* CardIOUtilities.h */ = {isa = PBXFileReference; fileEncoding = 4; lastKnownFileType = sourcecode.c.h; path = CardIOUtilities.h; sourceTree = "<group>"; };
		E19158A01AEC8F4A00A25697 /* CardIOView.h */ = {isa = PBXFileReference; fileEncoding = 4; lastKnownFileType = sourcecode.c.h; path = CardIOView.h; sourceTree = "<group>"; };
		E19158A11AEC8F4A00A25697 /* CardIOViewDelegate.h */ = {isa = PBXFileReference; fileEncoding = 4; lastKnownFileType = sourcecode.c.h; path = CardIOViewDelegate.h; sourceTree = "<group>"; };
		E19158A21AEC8F4A00A25697 /* libPayPalMobile.a */ = {isa = PBXFileReference; lastKnownFileType = archive.ar; path = libPayPalMobile.a; sourceTree = "<group>"; };
		E19158A31AEC8F4A00A25697 /* PayPalConfiguration.h */ = {isa = PBXFileReference; fileEncoding = 4; lastKnownFileType = sourcecode.c.h; path = PayPalConfiguration.h; sourceTree = "<group>"; };
		E19158A41AEC8F4A00A25697 /* PayPalFuturePaymentViewController.h */ = {isa = PBXFileReference; fileEncoding = 4; lastKnownFileType = sourcecode.c.h; path = PayPalFuturePaymentViewController.h; sourceTree = "<group>"; };
		E19158A51AEC8F4A00A25697 /* PayPalMobile.h */ = {isa = PBXFileReference; fileEncoding = 4; lastKnownFileType = sourcecode.c.h; path = PayPalMobile.h; sourceTree = "<group>"; };
		E19158A61AEC8F4A00A25697 /* PayPalOAuthScopes.h */ = {isa = PBXFileReference; fileEncoding = 4; lastKnownFileType = sourcecode.c.h; path = PayPalOAuthScopes.h; sourceTree = "<group>"; };
		E19158A71AEC8F4A00A25697 /* PayPalPayment.h */ = {isa = PBXFileReference; fileEncoding = 4; lastKnownFileType = sourcecode.c.h; path = PayPalPayment.h; sourceTree = "<group>"; };
		E19158A81AEC8F4A00A25697 /* PayPalPaymentViewController.h */ = {isa = PBXFileReference; fileEncoding = 4; lastKnownFileType = sourcecode.c.h; path = PayPalPaymentViewController.h; sourceTree = "<group>"; };
		E19158A91AEC8F4A00A25697 /* PayPalProfileSharingViewController.h */ = {isa = PBXFileReference; fileEncoding = 4; lastKnownFileType = sourcecode.c.h; path = PayPalProfileSharingViewController.h; sourceTree = "<group>"; };
		E191592C1AEC90AF00A25697 /* AudioToolbox.framework */ = {isa = PBXFileReference; lastKnownFileType = wrapper.framework; name = AudioToolbox.framework; path = System/Library/Frameworks/AudioToolbox.framework; sourceTree = SDKROOT; };
		E191592E1AEC90B900A25697 /* AVFoundation.framework */ = {isa = PBXFileReference; lastKnownFileType = wrapper.framework; name = AVFoundation.framework; path = System/Library/Frameworks/AVFoundation.framework; sourceTree = SDKROOT; };
		E19159301AEC90CB00A25697 /* CoreMedia.framework */ = {isa = PBXFileReference; lastKnownFileType = wrapper.framework; name = CoreMedia.framework; path = System/Library/Frameworks/CoreMedia.framework; sourceTree = SDKROOT; };
		E19159321AEC90D400A25697 /* MessageUI.framework */ = {isa = PBXFileReference; lastKnownFileType = wrapper.framework; name = MessageUI.framework; path = System/Library/Frameworks/MessageUI.framework; sourceTree = SDKROOT; };
		E19159341AEC90DD00A25697 /* MobileCoreServices.framework */ = {isa = PBXFileReference; lastKnownFileType = wrapper.framework; name = MobileCoreServices.framework; path = System/Library/Frameworks/MobileCoreServices.framework; sourceTree = SDKROOT; };
/* End PBXFileReference section */

/* Begin PBXFrameworksBuildPhase section */
		48C1D9021AEBC3BB007006B6 /* Frameworks */ = {
			isa = PBXFrameworksBuildPhase;
			buildActionMask = 2147483647;
			files = (
				E19159351AEC90DD00A25697 /* MobileCoreServices.framework in Frameworks */,
				E19159331AEC90D400A25697 /* MessageUI.framework in Frameworks */,
				E19159311AEC90CB00A25697 /* CoreMedia.framework in Frameworks */,
				E191592F1AEC90B900A25697 /* AVFoundation.framework in Frameworks */,
				E191592D1AEC90AF00A25697 /* AudioToolbox.framework in Frameworks */,
				488708C61AEC0EEB00AB75A0 /* Accounts.framework in Frameworks */,
				488708D81AEC3EB700AB75A0 /* CoreBluetooth.framework in Frameworks */,
				48C1D9441AEBC829007006B6 /* CoreLocation.framework in Frameworks */,
				488708D61AEC3E9900AB75A0 /* EstimoteSDK.framework in Frameworks */,
				4887090A1AECD64800AB75A0 /* HealthKit.framework in Frameworks */,
				48C1D99F1AEBF979007006B6 /* MediaPlayer.framework in Frameworks */,
				48C1D94B1AEBCA0C007006B6 /* MapKit.framework in Frameworks */,
				488708C31AEC0EAF00AB75A0 /* Social.framework in Frameworks */,
				488708DA1AEC3EC100AB75A0 /* SystemConfiguration.framework in Frameworks */,
				E19158FC1AEC8F4B00A25697 /* libPayPalMobile.a in Frameworks */,
			);
			runOnlyForDeploymentPostprocessing = 0;
		};
		48C1D91B1AEBC3BC007006B6 /* Frameworks */ = {
			isa = PBXFrameworksBuildPhase;
			buildActionMask = 2147483647;
			files = (
			);
			runOnlyForDeploymentPostprocessing = 0;
		};
/* End PBXFrameworksBuildPhase section */

/* Begin PBXGroup section */
		488708CA1AEC143800AB75A0 /* Other */ = {
			isa = PBXGroup;
			children = (
				488708CB1AEC143800AB75A0 /* LCStyling.h */,
				488708CC1AEC143800AB75A0 /* LCStyling.m */,
				488708CD1AEC143800AB75A0 /* NSString+JSON.h */,
				488708CE1AEC143800AB75A0 /* NSString+JSON.m */,
				488709031AECD06B00AB75A0 /* LCUtils.h */,
				488709041AECD06B00AB75A0 /* LCUtils.m */,
				488709061AECD09E00AB75A0 /* CustomIOS7AlertView.h */,
				488709071AECD09E00AB75A0 /* CustomIOS7AlertView.m */,
			);
			name = Other;
			path = Source/Other;
			sourceTree = "<group>";
		};
		488708D41AEC3E7000AB75A0 /* EstimoteSDK */ = {
			isa = PBXGroup;
			children = (
				488708D51AEC3E9900AB75A0 /* EstimoteSDK.framework */,
			);
			name = EstimoteSDK;
			sourceTree = "<group>";
		};
		488708F71AECA7AC00AB75A0 /* MHFBImageViewController */ = {
			isa = PBXGroup;
			children = (
				488708F81AECA7AC00AB75A0 /* MHFacebookImageViewer.h */,
				488708F91AECA7AC00AB75A0 /* MHFacebookImageViewer.m */,
				488708FA1AECA7AC00AB75A0 /* Resources */,
				488708FD1AECA7AC00AB75A0 /* UIImageView+MHFacebookImageViewer.h */,
				488708FE1AECA7AC00AB75A0 /* UIImageView+MHFacebookImageViewer.m */,
			);
			name = MHFBImageViewController;
			path = LifeCycle/Libraries/MHFacebookImageViewer/MHFBImageViewController;
			sourceTree = "<group>";
		};
		488708FA1AECA7AC00AB75A0 /* Resources */ = {
			isa = PBXGroup;
			children = (
				488708FB1AECA7AC00AB75A0 /* Done.png */,
				488708FC1AECA7AC00AB75A0 /* Done@2x.png */,
			);
			path = Resources;
			sourceTree = "<group>";
		};
		48C1D8FC1AEBC3BB007006B6 = {
			isa = PBXGroup;
			children = (
				48C1D9071AEBC3BB007006B6 /* LifeCycle */,
				48C1D9211AEBC3BC007006B6 /* LifeCycleTests */,
				48C1D9061AEBC3BB007006B6 /* Products */,
			);
			sourceTree = "<group>";
		};
		48C1D9061AEBC3BB007006B6 /* Products */ = {
			isa = PBXGroup;
			children = (
				48C1D9051AEBC3BB007006B6 /* LifeCycle.app */,
				48C1D91E1AEBC3BC007006B6 /* LifeCycleTests.xctest */,
			);
			name = Products;
			sourceTree = "<group>";
		};
		48C1D9071AEBC3BB007006B6 /* LifeCycle */ = {
			isa = PBXGroup;
			children = (
				4887090B1AECD64800AB75A0 /* LifeCycle.entitlements */,
				48C1D90C1AEBC3BC007006B6 /* AppDelegate.h */,
				48C1D90D1AEBC3BC007006B6 /* AppDelegate.m */,
				48C1D92E1AEBC583007006B6 /* Model */,
				48C1D9351AEBC66F007006B6 /* Data Layer */,
				48C1D9461AEBC866007006B6 /* View */,
				488708CA1AEC143800AB75A0 /* Other */,
				48C1D9501AEBD707007006B6 /* Resources */,
				48C1D9121AEBC3BC007006B6 /* Main.storyboard */,
				48C1D9151AEBC3BC007006B6 /* Images.xcassets */,
				48C1D9171AEBC3BC007006B6 /* LaunchScreen.xib */,
				48C1D9621AEBEEFB007006B6 /* Libraries */,
				48C1D9451AEBC82E007006B6 /* Frameworks */,
				48C1D9081AEBC3BB007006B6 /* Supporting Files */,
			);
			path = LifeCycle;
			sourceTree = "<group>";
		};
		48C1D9081AEBC3BB007006B6 /* Supporting Files */ = {
			isa = PBXGroup;
			children = (
				48C1D9091AEBC3BB007006B6 /* Info.plist */,
				48C1D9421AEBC71D007006B6 /* Prefix.pch */,
				48C1D90A1AEBC3BC007006B6 /* main.m */,
			);
			name = "Supporting Files";
			sourceTree = "<group>";
		};
		48C1D9211AEBC3BC007006B6 /* LifeCycleTests */ = {
			isa = PBXGroup;
			children = (
				48C1D9241AEBC3BC007006B6 /* LifeCycleTests.m */,
				48C1D9221AEBC3BC007006B6 /* Supporting Files */,
			);
			path = LifeCycleTests;
			sourceTree = "<group>";
		};
		48C1D9221AEBC3BC007006B6 /* Supporting Files */ = {
			isa = PBXGroup;
			children = (
				48C1D9231AEBC3BC007006B6 /* Info.plist */,
			);
			name = "Supporting Files";
			sourceTree = "<group>";
		};
		48C1D92E1AEBC583007006B6 /* Model */ = {
			isa = PBXGroup;
			children = (
				48C1D93B1AEBC6BB007006B6 /* LCUser.h */,
				48C1D93C1AEBC6BB007006B6 /* LCUser.m */,
				48C1D9391AEBC6BB007006B6 /* LCBike.h */,
				48C1D93A1AEBC6BB007006B6 /* LCBike.m */,
			);
			name = Model;
			sourceTree = "<group>";
		};
		48C1D9351AEBC66F007006B6 /* Data Layer */ = {
			isa = PBXGroup;
			children = (
				48C1D93F1AEBC6CA007006B6 /* LCDataManager.h */,
				48C1D9401AEBC6CA007006B6 /* LCDataManager.m */,
			);
			name = "Data Layer";
			sourceTree = "<group>";
		};
		48C1D9451AEBC82E007006B6 /* Frameworks */ = {
			isa = PBXGroup;
			children = (
				E19159341AEC90DD00A25697 /* MobileCoreServices.framework */,
				E19159321AEC90D400A25697 /* MessageUI.framework */,
				E19159301AEC90CB00A25697 /* CoreMedia.framework */,
				E191592E1AEC90B900A25697 /* AVFoundation.framework */,
				E191592C1AEC90AF00A25697 /* AudioToolbox.framework */,
				488708C41AEC0ED700AB75A0 /* Accounts.framework */,
				488708D71AEC3EB700AB75A0 /* CoreBluetooth.framework */,
				48C1D9431AEBC829007006B6 /* CoreLocation.framework */,
				488709091AECD64800AB75A0 /* HealthKit.framework */,
				48C1D94A1AEBCA0C007006B6 /* MapKit.framework */,
				48C1D99E1AEBF979007006B6 /* MediaPlayer.framework */,
				488708C11AEC0E9E00AB75A0 /* Social.framework */,
				488708D91AEC3EC100AB75A0 /* SystemConfiguration.framework */,
			);
			name = Frameworks;
			path = ..;
			sourceTree = "<group>";
		};
		48C1D9461AEBC866007006B6 /* View */ = {
			isa = PBXGroup;
			children = (
				488708BE1AEC0C5D00AB75A0 /* LCSplashViewController.h */,
				488708BF1AEC0C5D00AB75A0 /* LCSplashViewController.m */,
				48C1D99B1AEBF7E0007006B6 /* LCLoginViewController.h */,
				48C1D99C1AEBF7E0007006B6 /* LCLoginViewController.m */,
				48C1D9471AEBC89B007006B6 /* LCBikeMapViewController.h */,
				48C1D9481AEBC89B007006B6 /* LCBikeMapViewController.m */,
				48C1D9541AEBDABC007006B6 /* LCBikePinAnnotation.h */,
				48C1D9551AEBDABC007006B6 /* LCBikePinAnnotation.m */,
				48C1D9571AEBDB45007006B6 /* LCBikeDetailsViewController.h */,
				48C1D9581AEBDB45007006B6 /* LCBikeDetailsViewController.m */,
				488708D11AEC264900AB75A0 /* LCRentalViewController.h */,
				488708D21AEC264900AB75A0 /* LCRentalViewController.m */,
				488708E11AEC5D8900AB75A0 /* LCProfileViewController.h */,
				488708E21AEC5D8900AB75A0 /* LCProfileViewController.m */,
				488708EA1AEC695700AB75A0 /* LCBikeLocationViewController.h */,
				488708EB1AEC695700AB75A0 /* LCBikeLocationViewController.m */,
			);
			name = View;
			sourceTree = "<group>";
		};
		48C1D9501AEBD707007006B6 /* Resources */ = {
			isa = PBXGroup;
			children = (
				48C1D9521AEBD751007006B6 /* bike.png */,
				488708E61AEC68BC00AB75A0 /* btn_map.png */,
				488708E71AEC68BC00AB75A0 /* btn_map@2x.png */,
				488708DF1AEC4B3400AB75A0 /* estimote_bg.png */,
				488708F51AEC92A100AB75A0 /* QuirkyLondon.gpx */,
				488708ED1AEC7D7600AB75A0 /* star_empty.png */,
				488708EE1AEC7D7600AB75A0 /* star_full.png */,
				48C1D95E1AEBE9F6007006B6 /* person.png */,
				48C1D9A11AEBFD8E007006B6 /* video.mp4 */,
			);
			name = Resources;
			path = ..;
			sourceTree = "<group>";
		};
		48C1D9621AEBEEFB007006B6 /* Libraries */ = {
			isa = PBXGroup;
			children = (
				48C1D9631AEBEF07007006B6 /* AFNetworking */,
				488708D41AEC3E7000AB75A0 /* EstimoteSDK */,
				488708F71AECA7AC00AB75A0 /* MHFBImageViewController */,
				E19158861AEC8F4A00A25697 /* PayPal-iOS-SDK */,
			);
			name = Libraries;
			path = ..;
			sourceTree = "<group>";
		};
		48C1D9631AEBEF07007006B6 /* AFNetworking */ = {
			isa = PBXGroup;
			children = (
				48C1D9641AEBEF23007006B6 /* AFNetworking */,
				48C1D9811AEBEF2C007006B6 /* UIKit+AFNetworking */,
			);
			name = AFNetworking;
			sourceTree = "<group>";
		};
		48C1D9641AEBEF23007006B6 /* AFNetworking */ = {
			isa = PBXGroup;
			children = (
				48C1D9651AEBEF23007006B6 /* AFHTTPRequestOperation.h */,
				48C1D9661AEBEF23007006B6 /* AFHTTPRequestOperation.m */,
				48C1D9671AEBEF23007006B6 /* AFHTTPRequestOperationManager.h */,
				48C1D9681AEBEF23007006B6 /* AFHTTPRequestOperationManager.m */,
				48C1D9691AEBEF23007006B6 /* AFHTTPSessionManager.h */,
				48C1D96A1AEBEF23007006B6 /* AFHTTPSessionManager.m */,
				48C1D96B1AEBEF23007006B6 /* AFNetworking.h */,
				48C1D96C1AEBEF23007006B6 /* AFNetworkReachabilityManager.h */,
				48C1D96D1AEBEF23007006B6 /* AFNetworkReachabilityManager.m */,
				48C1D96E1AEBEF23007006B6 /* AFSecurityPolicy.h */,
				48C1D96F1AEBEF23007006B6 /* AFSecurityPolicy.m */,
				48C1D9701AEBEF23007006B6 /* AFURLConnectionOperation.h */,
				48C1D9711AEBEF23007006B6 /* AFURLConnectionOperation.m */,
				48C1D9721AEBEF23007006B6 /* AFURLRequestSerialization.h */,
				48C1D9731AEBEF23007006B6 /* AFURLRequestSerialization.m */,
				48C1D9741AEBEF23007006B6 /* AFURLResponseSerialization.h */,
				48C1D9751AEBEF23007006B6 /* AFURLResponseSerialization.m */,
				48C1D9761AEBEF23007006B6 /* AFURLSessionManager.h */,
				48C1D9771AEBEF23007006B6 /* AFURLSessionManager.m */,
			);
			name = AFNetworking;
			path = LifeCycle/Libraries/AFNetworking/AFNetworking;
			sourceTree = "<group>";
		};
		48C1D9811AEBEF2C007006B6 /* UIKit+AFNetworking */ = {
			isa = PBXGroup;
			children = (
				48C1D9821AEBEF2C007006B6 /* AFNetworkActivityIndicatorManager.h */,
				48C1D9831AEBEF2C007006B6 /* AFNetworkActivityIndicatorManager.m */,
				48C1D9841AEBEF2C007006B6 /* UIActivityIndicatorView+AFNetworking.h */,
				48C1D9851AEBEF2C007006B6 /* UIActivityIndicatorView+AFNetworking.m */,
				48C1D9861AEBEF2C007006B6 /* UIAlertView+AFNetworking.h */,
				48C1D9871AEBEF2C007006B6 /* UIAlertView+AFNetworking.m */,
				48C1D9881AEBEF2C007006B6 /* UIButton+AFNetworking.h */,
				48C1D9891AEBEF2C007006B6 /* UIButton+AFNetworking.m */,
				48C1D98A1AEBEF2C007006B6 /* UIImageView+AFNetworking.h */,
				48C1D98B1AEBEF2C007006B6 /* UIImageView+AFNetworking.m */,
				48C1D98C1AEBEF2C007006B6 /* UIKit+AFNetworking.h */,
				48C1D98D1AEBEF2C007006B6 /* UIProgressView+AFNetworking.h */,
				48C1D98E1AEBEF2C007006B6 /* UIProgressView+AFNetworking.m */,
				48C1D98F1AEBEF2C007006B6 /* UIRefreshControl+AFNetworking.h */,
				48C1D9901AEBEF2C007006B6 /* UIRefreshControl+AFNetworking.m */,
				48C1D9911AEBEF2C007006B6 /* UIWebView+AFNetworking.h */,
				48C1D9921AEBEF2C007006B6 /* UIWebView+AFNetworking.m */,
			);
			name = "UIKit+AFNetworking";
			path = "LifeCycle/Libraries/AFNetworking/UIKit+AFNetworking";
			sourceTree = "<group>";
		};
		E19158861AEC8F4A00A25697 /* PayPal-iOS-SDK */ = {
			isa = PBXGroup;
			children = (
				E19158991AEC8F4A00A25697 /* PayPalMobile */,
			);
			name = "PayPal-iOS-SDK";
			path = "LifeCycle/Libraries/PayPal-iOS-SDK";
			sourceTree = "<group>";
		};
		E19158991AEC8F4A00A25697 /* PayPalMobile */ = {
			isa = PBXGroup;
			children = (
				E191589A1AEC8F4A00A25697 /* CardIO.h */,
				E191589B1AEC8F4A00A25697 /* CardIOCreditCardInfo.h */,
				E191589C1AEC8F4A00A25697 /* CardIODetectionMode.h */,
				E191589D1AEC8F4A00A25697 /* CardIOPaymentViewController.h */,
				E191589E1AEC8F4A00A25697 /* CardIOPaymentViewControllerDelegate.h */,
				E191589F1AEC8F4A00A25697 /* CardIOUtilities.h */,
				E19158A01AEC8F4A00A25697 /* CardIOView.h */,
				E19158A11AEC8F4A00A25697 /* CardIOViewDelegate.h */,
				E19158A21AEC8F4A00A25697 /* libPayPalMobile.a */,
				E19158A31AEC8F4A00A25697 /* PayPalConfiguration.h */,
				E19158A41AEC8F4A00A25697 /* PayPalFuturePaymentViewController.h */,
				E19158A51AEC8F4A00A25697 /* PayPalMobile.h */,
				E19158A61AEC8F4A00A25697 /* PayPalOAuthScopes.h */,
				E19158A71AEC8F4A00A25697 /* PayPalPayment.h */,
				E19158A81AEC8F4A00A25697 /* PayPalPaymentViewController.h */,
				E19158A91AEC8F4A00A25697 /* PayPalProfileSharingViewController.h */,
			);
			path = PayPalMobile;
			sourceTree = "<group>";
		};
/* End PBXGroup section */

/* Begin PBXNativeTarget section */
		48C1D9041AEBC3BB007006B6 /* LifeCycle */ = {
			isa = PBXNativeTarget;
			buildConfigurationList = 48C1D9281AEBC3BC007006B6 /* Build configuration list for PBXNativeTarget "LifeCycle" */;
			buildPhases = (
				48C1D9011AEBC3BB007006B6 /* Sources */,
				48C1D9021AEBC3BB007006B6 /* Frameworks */,
				48C1D9031AEBC3BB007006B6 /* Resources */,
			);
			buildRules = (
			);
			dependencies = (
			);
			name = LifeCycle;
			productName = LifeCycle;
			productReference = 48C1D9051AEBC3BB007006B6 /* LifeCycle.app */;
			productType = "com.apple.product-type.application";
		};
		48C1D91D1AEBC3BC007006B6 /* LifeCycleTests */ = {
			isa = PBXNativeTarget;
			buildConfigurationList = 48C1D92B1AEBC3BC007006B6 /* Build configuration list for PBXNativeTarget "LifeCycleTests" */;
			buildPhases = (
				48C1D91A1AEBC3BC007006B6 /* Sources */,
				48C1D91B1AEBC3BC007006B6 /* Frameworks */,
				48C1D91C1AEBC3BC007006B6 /* Resources */,
			);
			buildRules = (
			);
			dependencies = (
				48C1D9201AEBC3BC007006B6 /* PBXTargetDependency */,
			);
			name = LifeCycleTests;
			productName = LifeCycleTests;
			productReference = 48C1D91E1AEBC3BC007006B6 /* LifeCycleTests.xctest */;
			productType = "com.apple.product-type.bundle.unit-test";
		};
/* End PBXNativeTarget section */

/* Begin PBXProject section */
		48C1D8FD1AEBC3BB007006B6 /* Project object */ = {
			isa = PBXProject;
			attributes = {
				LastUpgradeCheck = 0630;
				ORGANIZATIONNAME = "Mateusz Dzwonek";
				TargetAttributes = {
					48C1D9041AEBC3BB007006B6 = {
						CreatedOnToolsVersion = 6.3.1;
						DevelopmentTeam = BE6NAXXLXT;
						SystemCapabilities = {
							com.apple.HealthKit = {
								enabled = 1;
							};
						};
					};
					48C1D91D1AEBC3BC007006B6 = {
						CreatedOnToolsVersion = 6.3.1;
						TestTargetID = 48C1D9041AEBC3BB007006B6;
					};
				};
			};
			buildConfigurationList = 48C1D9001AEBC3BB007006B6 /* Build configuration list for PBXProject "LifeCycle" */;
			compatibilityVersion = "Xcode 3.2";
			developmentRegion = English;
			hasScannedForEncodings = 0;
			knownRegions = (
				en,
				Base,
			);
			mainGroup = 48C1D8FC1AEBC3BB007006B6;
			productRefGroup = 48C1D9061AEBC3BB007006B6 /* Products */;
			projectDirPath = "";
			projectRoot = "";
			targets = (
				48C1D9041AEBC3BB007006B6 /* LifeCycle */,
				48C1D91D1AEBC3BC007006B6 /* LifeCycleTests */,
			);
		};
/* End PBXProject section */

/* Begin PBXResourcesBuildPhase section */
		48C1D9031AEBC3BB007006B6 /* Resources */ = {
			isa = PBXResourcesBuildPhase;
			buildActionMask = 2147483647;
			files = (
				48C1D9141AEBC3BC007006B6 /* Main.storyboard in Resources */,
				488708EF1AEC7D7600AB75A0 /* star_empty.png in Resources */,
				488708F01AEC7D7600AB75A0 /* star_full.png in Resources */,
				48C1D9A21AEBFD9A007006B6 /* video.mp4 in Resources */,
				488708E01AEC4B3400AB75A0 /* estimote_bg.png in Resources */,
				48C1D9191AEBC3BC007006B6 /* LaunchScreen.xib in Resources */,
				48C1D9531AEBD751007006B6 /* bike.png in Resources */,
				48C1D9161AEBC3BC007006B6 /* Images.xcassets in Resources */,
				488708E91AEC68BC00AB75A0 /* btn_map@2x.png in Resources */,
				48C1D95F1AEBE9F6007006B6 /* person.png in Resources */,
				488709001AECA7AC00AB75A0 /* Done.png in Resources */,
				488709011AECA7AC00AB75A0 /* Done@2x.png in Resources */,
				488708E81AEC68BC00AB75A0 /* btn_map.png in Resources */,
			);
			runOnlyForDeploymentPostprocessing = 0;
		};
		48C1D91C1AEBC3BC007006B6 /* Resources */ = {
			isa = PBXResourcesBuildPhase;
			buildActionMask = 2147483647;
			files = (
			);
			runOnlyForDeploymentPostprocessing = 0;
		};
/* End PBXResourcesBuildPhase section */

/* Begin PBXSourcesBuildPhase section */
		48C1D9011AEBC3BB007006B6 /* Sources */ = {
			isa = PBXSourcesBuildPhase;
			buildActionMask = 2147483647;
			files = (
				488709081AECD09E00AB75A0 /* CustomIOS7AlertView.m in Sources */,
				48C1D97C1AEBEF23007006B6 /* AFSecurityPolicy.m in Sources */,
				48C1D9491AEBC89B007006B6 /* LCBikeMapViewController.m in Sources */,
				48C1D97B1AEBEF23007006B6 /* AFNetworkReachabilityManager.m in Sources */,
				48C1D93E1AEBC6BB007006B6 /* LCUser.m in Sources */,
				48C1D99D1AEBF7E0007006B6 /* LCLoginViewController.m in Sources */,
				488708D31AEC264900AB75A0 /* LCRentalViewController.m in Sources */,
				48C1D9931AEBEF2C007006B6 /* AFNetworkActivityIndicatorManager.m in Sources */,
				48C1D9971AEBEF2C007006B6 /* UIImageView+AFNetworking.m in Sources */,
				48C1D97D1AEBEF23007006B6 /* AFURLConnectionOperation.m in Sources */,
				48C1D9941AEBEF2C007006B6 /* UIActivityIndicatorView+AFNetworking.m in Sources */,
				48C1D99A1AEBEF2C007006B6 /* UIWebView+AFNetworking.m in Sources */,
				48C1D9781AEBEF23007006B6 /* AFHTTPRequestOperation.m in Sources */,
				48C1D97A1AEBEF23007006B6 /* AFHTTPSessionManager.m in Sources */,
				48C1D9951AEBEF2C007006B6 /* UIAlertView+AFNetworking.m in Sources */,
				48C1D97E1AEBEF23007006B6 /* AFURLRequestSerialization.m in Sources */,
				48C1D93D1AEBC6BB007006B6 /* LCBike.m in Sources */,
				488708C01AEC0C5D00AB75A0 /* LCSplashViewController.m in Sources */,
				48C1D9801AEBEF23007006B6 /* AFURLSessionManager.m in Sources */,
				488709051AECD06B00AB75A0 /* LCUtils.m in Sources */,
				488708CF1AEC143800AB75A0 /* LCStyling.m in Sources */,
				48C1D90E1AEBC3BC007006B6 /* AppDelegate.m in Sources */,
				48C1D9791AEBEF23007006B6 /* AFHTTPRequestOperationManager.m in Sources */,
				48C1D9981AEBEF2C007006B6 /* UIProgressView+AFNetworking.m in Sources */,
				48C1D90B1AEBC3BC007006B6 /* main.m in Sources */,
				48C1D9961AEBEF2C007006B6 /* UIButton+AFNetworking.m in Sources */,
				488709021AECA7AC00AB75A0 /* UIImageView+MHFacebookImageViewer.m in Sources */,
				48C1D97F1AEBEF23007006B6 /* AFURLResponseSerialization.m in Sources */,
				48C1D9561AEBDABC007006B6 /* LCBikePinAnnotation.m in Sources */,
				488708FF1AECA7AC00AB75A0 /* MHFacebookImageViewer.m in Sources */,
				488708E31AEC5D8900AB75A0 /* LCProfileViewController.m in Sources */,
				488708EC1AEC695700AB75A0 /* LCBikeLocationViewController.m in Sources */,
				488708D01AEC143800AB75A0 /* NSString+JSON.m in Sources */,
				48C1D9411AEBC6CA007006B6 /* LCDataManager.m in Sources */,
				48C1D9991AEBEF2C007006B6 /* UIRefreshControl+AFNetworking.m in Sources */,
				48C1D9591AEBDB45007006B6 /* LCBikeDetailsViewController.m in Sources */,
			);
			runOnlyForDeploymentPostprocessing = 0;
		};
		48C1D91A1AEBC3BC007006B6 /* Sources */ = {
			isa = PBXSourcesBuildPhase;
			buildActionMask = 2147483647;
			files = (
				48C1D9251AEBC3BC007006B6 /* LifeCycleTests.m in Sources */,
			);
			runOnlyForDeploymentPostprocessing = 0;
		};
/* End PBXSourcesBuildPhase section */

/* Begin PBXTargetDependency section */
		48C1D9201AEBC3BC007006B6 /* PBXTargetDependency */ = {
			isa = PBXTargetDependency;
			target = 48C1D9041AEBC3BB007006B6 /* LifeCycle */;
			targetProxy = 48C1D91F1AEBC3BC007006B6 /* PBXContainerItemProxy */;
		};
/* End PBXTargetDependency section */

/* Begin PBXVariantGroup section */
		48C1D9121AEBC3BC007006B6 /* Main.storyboard */ = {
			isa = PBXVariantGroup;
			children = (
				48C1D9131AEBC3BC007006B6 /* Base */,
			);
			name = Main.storyboard;
			sourceTree = "<group>";
		};
		48C1D9171AEBC3BC007006B6 /* LaunchScreen.xib */ = {
			isa = PBXVariantGroup;
			children = (
				48C1D9181AEBC3BC007006B6 /* Base */,
			);
			name = LaunchScreen.xib;
			sourceTree = "<group>";
		};
/* End PBXVariantGroup section */

/* Begin XCBuildConfiguration section */
		48C1D9261AEBC3BC007006B6 /* Debug */ = {
			isa = XCBuildConfiguration;
			buildSettings = {
				ALWAYS_SEARCH_USER_PATHS = NO;
				CLANG_CXX_LANGUAGE_STANDARD = "gnu++0x";
				CLANG_CXX_LIBRARY = "libc++";
				CLANG_ENABLE_MODULES = YES;
				CLANG_ENABLE_OBJC_ARC = YES;
				CLANG_WARN_BOOL_CONVERSION = YES;
				CLANG_WARN_CONSTANT_CONVERSION = YES;
				CLANG_WARN_DIRECT_OBJC_ISA_USAGE = YES_ERROR;
				CLANG_WARN_EMPTY_BODY = YES;
				CLANG_WARN_ENUM_CONVERSION = YES;
				CLANG_WARN_INT_CONVERSION = YES;
				CLANG_WARN_OBJC_ROOT_CLASS = YES_ERROR;
				CLANG_WARN_UNREACHABLE_CODE = YES;
				CLANG_WARN__DUPLICATE_METHOD_MATCH = YES;
				"CODE_SIGN_IDENTITY[sdk=iphoneos*]" = "iPhone Developer";
				COPY_PHASE_STRIP = NO;
				DEBUG_INFORMATION_FORMAT = "dwarf-with-dsym";
				ENABLE_STRICT_OBJC_MSGSEND = YES;
				GCC_C_LANGUAGE_STANDARD = gnu99;
				GCC_DYNAMIC_NO_PIC = NO;
				GCC_NO_COMMON_BLOCKS = YES;
				GCC_OPTIMIZATION_LEVEL = 0;
				GCC_PREPROCESSOR_DEFINITIONS = (
					"DEBUG=1",
					"$(inherited)",
				);
				GCC_SYMBOLS_PRIVATE_EXTERN = NO;
				GCC_WARN_64_TO_32_BIT_CONVERSION = YES;
				GCC_WARN_ABOUT_RETURN_TYPE = YES_ERROR;
				GCC_WARN_UNDECLARED_SELECTOR = YES;
				GCC_WARN_UNINITIALIZED_AUTOS = YES_AGGRESSIVE;
				GCC_WARN_UNUSED_FUNCTION = YES;
				GCC_WARN_UNUSED_VARIABLE = YES;
				IPHONEOS_DEPLOYMENT_TARGET = 8.3;
				MTL_ENABLE_DEBUG_INFO = YES;
				ONLY_ACTIVE_ARCH = YES;
				OTHER_LDFLAGS = (
					"-lc++",
					"-ObjC",
				);
				SDKROOT = iphoneos;
			};
			name = Debug;
		};
		48C1D9271AEBC3BC007006B6 /* Release */ = {
			isa = XCBuildConfiguration;
			buildSettings = {
				ALWAYS_SEARCH_USER_PATHS = NO;
				CLANG_CXX_LANGUAGE_STANDARD = "gnu++0x";
				CLANG_CXX_LIBRARY = "libc++";
				CLANG_ENABLE_MODULES = YES;
				CLANG_ENABLE_OBJC_ARC = YES;
				CLANG_WARN_BOOL_CONVERSION = YES;
				CLANG_WARN_CONSTANT_CONVERSION = YES;
				CLANG_WARN_DIRECT_OBJC_ISA_USAGE = YES_ERROR;
				CLANG_WARN_EMPTY_BODY = YES;
				CLANG_WARN_ENUM_CONVERSION = YES;
				CLANG_WARN_INT_CONVERSION = YES;
				CLANG_WARN_OBJC_ROOT_CLASS = YES_ERROR;
				CLANG_WARN_UNREACHABLE_CODE = YES;
				CLANG_WARN__DUPLICATE_METHOD_MATCH = YES;
				"CODE_SIGN_IDENTITY[sdk=iphoneos*]" = "iPhone Developer";
				COPY_PHASE_STRIP = NO;
				DEBUG_INFORMATION_FORMAT = "dwarf-with-dsym";
				ENABLE_NS_ASSERTIONS = NO;
				ENABLE_STRICT_OBJC_MSGSEND = YES;
				GCC_C_LANGUAGE_STANDARD = gnu99;
				GCC_NO_COMMON_BLOCKS = YES;
				GCC_WARN_64_TO_32_BIT_CONVERSION = YES;
				GCC_WARN_ABOUT_RETURN_TYPE = YES_ERROR;
				GCC_WARN_UNDECLARED_SELECTOR = YES;
				GCC_WARN_UNINITIALIZED_AUTOS = YES_AGGRESSIVE;
				GCC_WARN_UNUSED_FUNCTION = YES;
				GCC_WARN_UNUSED_VARIABLE = YES;
				IPHONEOS_DEPLOYMENT_TARGET = 8.3;
				MTL_ENABLE_DEBUG_INFO = NO;
				OTHER_LDFLAGS = (
					"-lc++",
					"-ObjC",
				);
				SDKROOT = iphoneos;
				VALIDATE_PRODUCT = YES;
			};
			name = Release;
		};
		48C1D9291AEBC3BC007006B6 /* Debug */ = {
			isa = XCBuildConfiguration;
			buildSettings = {
				ASSETCATALOG_COMPILER_APPICON_NAME = AppIcon;
				CODE_SIGN_ENTITLEMENTS = LifeCycle/LifeCycle.entitlements;
				CODE_SIGN_IDENTITY = "iPhone Developer";
				"CODE_SIGN_IDENTITY[sdk=iphoneos*]" = "iPhone Developer";
				FRAMEWORK_SEARCH_PATHS = (
					"$(inherited)",
					"$(PROJECT_DIR)/LifeCycle/Libraries/iOS-SDK/EstimoteSDK",
				);
				GCC_PREFIX_HEADER = LifeCycle/Prefix.pch;
				INFOPLIST_FILE = LifeCycle/Info.plist;
				LD_RUNPATH_SEARCH_PATHS = "$(inherited) @executable_path/Frameworks";
				LIBRARY_SEARCH_PATHS = (
					"$(inherited)",
					"$(PROJECT_DIR)/LifeCycle/Libraries/PayPal-iOS-SDK/PayPalMobile",
				);
				PRODUCT_NAME = "$(TARGET_NAME)";
				PROVISIONING_PROFILE = "";
			};
			name = Debug;
		};
		48C1D92A1AEBC3BC007006B6 /* Release */ = {
			isa = XCBuildConfiguration;
			buildSettings = {
				ASSETCATALOG_COMPILER_APPICON_NAME = AppIcon;
				CODE_SIGN_ENTITLEMENTS = LifeCycle/LifeCycle.entitlements;
				CODE_SIGN_IDENTITY = "iPhone Developer";
				"CODE_SIGN_IDENTITY[sdk=iphoneos*]" = "iPhone Developer";
				FRAMEWORK_SEARCH_PATHS = (
					"$(inherited)",
					"$(PROJECT_DIR)/LifeCycle/Libraries/iOS-SDK/EstimoteSDK",
				);
				GCC_PREFIX_HEADER = LifeCycle/Prefix.pch;
				INFOPLIST_FILE = LifeCycle/Info.plist;
				LD_RUNPATH_SEARCH_PATHS = "$(inherited) @executable_path/Frameworks";
				LIBRARY_SEARCH_PATHS = (
					"$(inherited)",
					"$(PROJECT_DIR)/LifeCycle/Libraries/PayPal-iOS-SDK/PayPalMobile",
				);
				PRODUCT_NAME = "$(TARGET_NAME)";
				PROVISIONING_PROFILE = "";
			};
			name = Release;
		};
		48C1D92C1AEBC3BC007006B6 /* Debug */ = {
			isa = XCBuildConfiguration;
			buildSettings = {
				BUNDLE_LOADER = "$(TEST_HOST)";
				FRAMEWORK_SEARCH_PATHS = (
					"$(SDKROOT)/Developer/Library/Frameworks",
					"$(inherited)",
				);
				GCC_PREPROCESSOR_DEFINITIONS = (
					"DEBUG=1",
					"$(inherited)",
				);
				INFOPLIST_FILE = LifeCycleTests/Info.plist;
				LD_RUNPATH_SEARCH_PATHS = "$(inherited) @executable_path/Frameworks @loader_path/Frameworks";
				PRODUCT_NAME = "$(TARGET_NAME)";
				TEST_HOST = "$(BUILT_PRODUCTS_DIR)/LifeCycle.app/LifeCycle";
			};
			name = Debug;
		};
		48C1D92D1AEBC3BC007006B6 /* Release */ = {
			isa = XCBuildConfiguration;
			buildSettings = {
				BUNDLE_LOADER = "$(TEST_HOST)";
				FRAMEWORK_SEARCH_PATHS = (
					"$(SDKROOT)/Developer/Library/Frameworks",
					"$(inherited)",
				);
				INFOPLIST_FILE = LifeCycleTests/Info.plist;
				LD_RUNPATH_SEARCH_PATHS = "$(inherited) @executable_path/Frameworks @loader_path/Frameworks";
				PRODUCT_NAME = "$(TARGET_NAME)";
				TEST_HOST = "$(BUILT_PRODUCTS_DIR)/LifeCycle.app/LifeCycle";
			};
			name = Release;
		};
/* End XCBuildConfiguration section */

/* Begin XCConfigurationList section */
		48C1D9001AEBC3BB007006B6 /* Build configuration list for PBXProject "LifeCycle" */ = {
			isa = XCConfigurationList;
			buildConfigurations = (
				48C1D9261AEBC3BC007006B6 /* Debug */,
				48C1D9271AEBC3BC007006B6 /* Release */,
			);
			defaultConfigurationIsVisible = 0;
			defaultConfigurationName = Release;
		};
		48C1D9281AEBC3BC007006B6 /* Build configuration list for PBXNativeTarget "LifeCycle" */ = {
			isa = XCConfigurationList;
			buildConfigurations = (
				48C1D9291AEBC3BC007006B6 /* Debug */,
				48C1D92A1AEBC3BC007006B6 /* Release */,
			);
			defaultConfigurationIsVisible = 0;
			defaultConfigurationName = Release;
		};
		48C1D92B1AEBC3BC007006B6 /* Build configuration list for PBXNativeTarget "LifeCycleTests" */ = {
			isa = XCConfigurationList;
			buildConfigurations = (
				48C1D92C1AEBC3BC007006B6 /* Debug */,
				48C1D92D1AEBC3BC007006B6 /* Release */,
			);
			defaultConfigurationIsVisible = 0;
			defaultConfigurationName = Release;
		};
/* End XCConfigurationList section */
	};
	rootObject = 48C1D8FD1AEBC3BB007006B6 /* Project object */;
}
